{
  "name": "exchange-diary",
  "version": "1.0.0",
  "lockfileVersion": 3,
  "requires": true,
  "packages": {
    "": {
      "name": "exchange-diary",
      "version": "1.0.0",
      "type": "module",
      "dependencies": {
        "react": "^18.3.1",
        "react-dom": "^18.3.1"
      },
      "devDependencies": {
        "@vitejs/plugin-react": "^4.3.1",
        "gh-pages": "^6.1.1",
        "vite": "^5.4.0"
      }
    },
    "node_modules/@babel/code-frame": {
      "version": "7.24.7",
      "resolved": "https://registry.npmjs.org/@babel/code-frame/-/code-frame-7.24.7.5.tar.gz",
      "integrity": "sha512-INXHAV8_qAuNuOAEsBFSHszANYXsYJX2MRYIB8XW8KHysXLmSwgAOJXFS8GgyiiGH3XMjp7UrxhDx9YU4q35NA==",
      "dev": true,
      "dependencies": {
        "@babel/highlight": "^7.24.7",
        "picocolors": "^1.0.0"
      }
    },
    "node_modules/@babel/helper-validator-identifier": {
      "version": "7.24.7",
      "resolved": "https://registry.npmjs.org/@babel/helper-validator-identifier/-/helper-validator-identifier-7.24.7.tar.gz",
      "integrity": "sha512-r84IBcZuCcMN/McAOunrHWfV0xaath8PVgZDJZTBihGYuPXJiliwmzyDXDRUJQKNzGEZR0vYUtnSV9hL8izUWA==",
      "dev": true
    },
    "node_modules/@babel/highlight": {
      "version": "7.24.7",
      "resolved": "https://registry.npmjs.org/@babel/highlight/-/highlighter-7.24.7.tar.gz",
      "integrity": "sha512-EStJpqVqPaxOY8PRTWkijlQaPjZlCQJUAauTP8XauBFLHCIBuaJXMKHRLbOIsijthhqgHUi/ShNqI8SL9iOIgQ==",
      "dev": true,
      "dependencies": {
        "@babel/helper-validator-identifier": "^7.24.7",
        "chalk": "^2.4.2",
        "js-tokens": "^4.0.0",
        "picocolors": "^1.0.0"
      }
    },
    "node_modules/@esbuild/aix-ppc64": {
      "version": "0.21.5",
      "resolved": "https://registry.npmjs.org/@esbuild/aix-ppc64/-/aix-ppc64-0.21.5.tar.gz",
      "integrity": "sha512-1SDYWH6HcjYFDJqC2PRxwHAPKFKL3LRL88hZ8LV8GA-CBX06P0000Y7gLm09099HIQYU0EG0MMYILxFvQ82Mg==",
      "cpu": ["ppc64"],
      "dev": true,
      "optional": true,
      "os": ["aix"]
    },
    "node_modules/@esbuild/android-arm": {
      "version": "0.21.5",
      "resolved": "https://registry.npmjs.org/@esbuild/android-arm/-/android-arm-0.21.5.tar.gz",
      "integrity": "sha512-vCPvzSjpPHMV1si33nDlWu9P8Y6TFGR8ql3KN94Gitm6+ixNX5CIx1Vml7Gbtn8DX9O9XEOsqCJwOB909ZQBTg==",
      "cpu": ["arm"],
      "dev": true,
      "optional": true,
      "os": ["android"]
    },
    "node_modules/@esbuild/android-arm64": {
      "version": "0.21.5",
      "resolved": "https://registry.npmjs.org/@esbuild/android-arm64/-/android-arm64-0.21.5.tar.gz",
      "integrity": "sha512-jpPaEsl6QIbKJ0mP00Rbx8G398JHD000hMWC008SrY0GxaINoh85HD93SWTBBMSr0Y00AsTLDO00860340m5w==",
      "cpu": ["arm64"],
      "dev": true,
      "optional": true,
      "os": ["android"]
    },
    "node_modules/@esbuild/android-x64": {
      "version": "0.21.5",
      "resolved": "https://registry.npmjs.org/@esbuild/android-x64/-/android-x64-0.21.5.tar.gz",
      "integrity": "sha512-D7aPRUUNFGBwLlJxINXP+icXIBFX0CW80oCXjYl+9sAMFuGGB9KB90DW9shrVL1F9SMmmii9vMb0DL9m31KQ5A==",
      "cpu": ["x64"],
      "dev": true,
      "optional": true,
      "os": ["android"]
    },
    "node_modules/@esbuild/darwin-arm64": {
      "version": "0.21.5",
      "resolved": "https://registry.npmjs.org/@esbuild/darwin-arm64/-/darwin-arm64-0.21.5.tar.gz",
      "integrity": "sha512-DwqXOFZBuk0CVL64jJKAAhMB00Y3806NUbkQ9XM4Lrr6HM/hyF60GCImWmm9Vjys6lDW/VL8kgTop4q65UH5A==",
      "cpu": ["arm64"],
      "dev": true,
      "optional": true,
      "os": ["darwin"]
    },
    "node_modules/@esbuild/darwin-x64": {
      "version": "0.21.5",
      "resolved": "https://registry.npmjs.org/@esbuild/darwin-x64/-/darwin-x64-0.21.5.tar.gz",
      "integrity": "sha512-sQtVWg0ScCUOyeMUOMwlxWws0Gmw507lST1MVY/HXhuQvAc/g4sCMA+MRKmrOIgGniOQOhyBmywN5aPvD8V2CQ==",
      "cpu": ["x64"],
      "dev": true,
      "optional": true,
      "os": ["darwin"]
    },
    "node_modules/@esbuild/freebsd-arm64": {
      "version": "0.21.5",
      "resolved": "https://registry.npmjs.org/@esbuild/freebsd-arm64/-/freebsd-arm64-0.21.5.tar.gz",
      "integrity": "sha512-5JLV1xxSuvzk6zA2MD1IiSBURKehoKGuXL00G6188PD1L9YnkPRAtkp00NskT00JS6GF0o030rTUvMX780n86Q==",
      "cpu": ["arm64"],
      "dev": true,
      "optional": true,
      "os": ["freebsd"]
    },
    "node_modules/@esbuild/freebsd-x64": {
      "version": "0.21.5",
      "resolved": "https://registry.npmjs.org/@esbuild/freebsd-x64/-/freebsd-x64-0.21.5.tar.gz",
      "integrity": "sha512-J9rKumPcE30klCXWXkcZhMehzGXPTIXDM92x/8JRSf633KgpPBtoyG36dd9VvM15mwcpEB183+EI1q5Jwy01gA==",
      "cpu": ["x64"],
      "dev": true,
      "optional": true,
      "os": ["freebsd"]
    },
    "node_modules/@esbuild/linux-arm": {
      "version": "0.21.5",
      "resolved": "https://registry.npmjs.org/@esbuild/linux-arm/-/linux-arm-0.21.5.tar.gz",
      "integrity": "sha512-bPb5AHZelhbeNGjFO49k00s4TAD66036sc08afPN9s1HB0G16NDYvGLhUUPDTShTBZQ1u7SW33SR0/apZg410Q==",
      "cpu": ["arm"],
      "dev": true,
      "optional": true,
      "os": ["linux"]
    },
    "node_modules/@esbuild/linux-arm64": {
      "version": "0.21.5",
      "resolved": "https://registry.npmjs.org/@esbuild/linux-arm64/-/linux-arm64-0.21.5.tar.gz",
      "integrity": "sha512-ibKvcfjGuBe1JVx8T0YKNhVwr40mrxBWVn4UGS0loMRs6lvnV06ilyij4VDG8_R/HuWIBmX8AI/38TM18/5DAA==",
      "cpu": ["arm64"],
      "dev": true,
      "optional": true,
      "os": ["linux"]
    },
    "node_modules/@esbuild/linux-ia32": {
      "version": "0.21.5",
      "resolved": "https://registry.npmjs.org/@esbuild/linux-ia32/-/linux-ia32-0.21.5.tar.gz",
      "integrity": "sha512-YvjXDqLRqPDkJ2DVRO8MMEC8zuNB97dEG9SS6793QaUN0YWGBJkilY6DV0XRHWbwKU83F70TU6968HW16Mg1CQ==",
      "cpu": ["ia32"],
      "dev": true,
      "optional": true,
      "os": ["linux"]
    },
    "node_modules/@esbuild/linux-loong64": {
      "version": "0.21.5",
      "resolved": "https://registry.npmjs.org/@esbuild/linux-loong64/-/linux-loong64-0.21.5.tar.gz",
      "integrity": "sha512features/...==",
      "cpu": ["loong64"],
      "dev": true,
      "optional": true,
      "os": ["linux"]
    },
    "node_modules/@esbuild/linux-mips64el": {
      "version": "0.21.5",
      "resolved": "https://registry.npmjs.org/@esbuild/linux-mips64el/-/linux-mips64el-0.21.5.tar.gz",
      "integrity": "sha512-I+wO+4JLI4XY0AbCBih9JJeDXqLWUJWChGETcOBJVUGG3xLFNOG6996pd49egCdZoN9LW RxgXxsSiO19Sd9LA==",
      "cpu": ["mips64el"],
      "dev": true,
      "optional": true,
      "os": ["linux"]
    },
    "node_modules/@esbuild/linux-ppc64le": {
      "version": "0.21.5",
      "resolved": "https://registry.npmjs.org/@esbuild/linux-ppc64le/-/linux-ppc64le-0.21.5.tar.gz",
      "integrity": "sha512-1GsV/vUzECOQwksHD94m66hqFG18EVD6hu99zqC1ILEVYnHNvVdvFU97IG00KRSG2_L996pH88701v89086ZXw==",
      "cpu": ["ppc64le"],
      "dev": true,
      "optional": true,
      "os": ["linux"]
    },
    "node_modules/@esbuild/linux-riscv64": {
      "version": "0.21.5",
      "resolved": "https://registry.npmjs.org/@esbuild/linux-riscv64/-/linux-riscv64-0.21.5.tar.gz",
      "integrity": "sha512-2YSXDXdwm9owjiBufrZB9NC01mM0UK44776YZhPc0V77GnfmgY9T859ytdjIm0TRch9KMg0HKuAB68756/CL6w==",
      "cpu": ["riscv64"],
      "dev": true,
      "optional": true,
      "os": ["linux"]
    },
    "node_modules/@esbuild/linux-s390x": {
      "version": "0.21.5",
      "resolved": "https://registry.npmjs.org/@esbuild/linux-s390x/-/linux-s390x-0.21.5.tar.gz",
      "integrity": "sha512-zus5sximuVJD3tSWAw6SDg91Aa93dYRxfYSI66IJygwAM9/yu96/6B5lMOho6d8ul8GFn6Y58xs0TTR0eyNYWQ==",
      "cpu": ["s390x"],
      "dev": true,
      "optional": true,
      "os": ["linux"]
    },
    "node_modules/@esbuild/linux-x64": {
      "version": "0.21.5",
      "resolved": "https://registry.npmjs.org/@esbuild/linux-x64/-/linux-x64-0.21.5.tar.gz",
      "integrity": "sha512-1srBbPR6XpyzCkO2G6RX4U40lph867EJ9Xbf00Kgy6xSv6Ls00703L06DGGLMF6LGHW9HEvGLKRws90940Py9w==",
      "cpu": ["x64"],
      "dev": true,
      "optional": true,
      "os": ["linux"]
    },
    "node_modules/@esbuild/netbsd-x64": {
      "version": "0.21.5",
      "resolved": "https://registry.npmjs.org/@esbuild/netbsd-x64/-/netbsd-x64-0.21.5.tar.gz",
      "integrity": "sha512-Woi2HWzXjMFSZIgMnLJCmmDx9203paiJWplGShD10CJ55CWjqCOxF0LC6imgBVG666020999fu9GAPGF6dG94Q==",
      "cpu": ["x64"],
      "dev": true,
      "optional": true,
      "os": ["netbsd"]
    },
    "node_modules/@esbuild/openbsd-x64": {
      "version": "0.21.5",
      "resolved": "https://registry.npmjs.org/@esbuild/openbsd-x64/-/openbsd-x64-0.21.5.tar.gz",
      "integrity": "sha512-HLNNFV99eGphy9WRFF+YMcJrpCpFVbyWdet969917Rhjv3qvyIFglVfy7YXBJGcGv95G9T7qxnNMM767aolHbQ==",
      "cpu": ["x64"],
      "dev": true,
      "optional": true,
      "os": ["openbsd"]
    },
    "node_modules/@esbuild/sunos-x64": {
      "version": "0.21.5",
      "resolved": "https://registry.npmjs.org/@esbuild/sunos-x64/-/sunos-x64-0.21.5.tar.gz",
      "integrity": "sha512-kHoPCзитFHoDFQ1OyuBVupnVIBj16SRSR9J77DBZ29SFmK61axpOWm89Rmu79kkRQafu9NwxNQWOqXY9JZ9hyw==",
      "cpu": ["x64"],
      "dev": true,
      "optional": true,
      "os": ["sunos"]
    },
    "node_modules/@esbuild/win32-arm64": {
      "version": "0.21.5",
      "resolved": "https://registry.npmjs.org/@esbuild/win32-arm64/-/win32-arm64-0.21.5.tar.gz",
      "integrity": "sha512-4xHp8lTVcoPWAs9MBRYGL7kqY18xiG/t9EvhLttslYU44hyvVGHSnIr76v2CLmDjGBT0CG4nUGF6FR0799sw8g==",
      "cpu": ["arm64"],
      "dev": true,
      "optional": true,
      "os": ["win32"]
    },
    "node_modules/@esbuild/win32-ia32": {
      "version": "0.21.5",
      "resolved": "https://registry.npmjs.org/@esbuild/win32-ia32/-/win32-ia32-0.21.5.tar.gz",
      "integrity": "sha512-string",
      "cpu": ["ia32"],
      "dev": true,
      "optional": true,
      "os": ["win32"]
    },
    "node_modules/@esbuild/win32-x64": {
      "version": "0.21.5",
      "resolved": "https://registry.npmjs.org/@esbuild/win32-x64/-/win32-x64-0.21.5.tar.gz",
      "integrity": "sha512-GCXHBHWGDPCBZ8SF98GcqcDSKijRaOiD4tzwXo95Gv10sNSLkW/iMrG6DpzSc7AWBA6fSTYA61719cV818W6SA==",
      "cpu": ["x64"],
      "dev": true,
      "optional": true,
      "os": ["win32"]
    },
    "node_modules/@types/estree": {
      "version": "1.0.5",
      "resolved": "https://registry.npmjs.org/@types/estree/-/estree-1.0.5.tar.gz",
      "integrity": "sha512-k65gTV+ZB7FSLCBgCI7914wEdLOq8mzCLwTp8AmwWvPmp6rgFZYD9HMoz9qJRPJ3DJvxHXvU20Kz8srJ9P4n+w==",
      "dev": true
    },
    "node_modules/@vitejs/plugin-react": {
      "version": "4.3.1",
      "resolved": "https://registry.npmjs.org/@vitejs/plugin-react/-/plugin-react-4.3.1.tar.gz",
      "integrity": "sha512-F/IKFLftWBzTBBCMRKXINvHzvDVqPksIoT69m98Dx061IPCFfi9v4cqYMKJZMI7hv9EBIBZSHYSAXAKGZIO9Tw==",
      "dev": true,
      "dependencies": {
        "@babel/core": "^7.24.7",
        "@babel/plugin-transform-react-jsx-self": "^7.24.7",
        "@babel/plugin-transform-react-jsx-source": "^7.24.7",
        "@types/babel__core": "^7.20.5",
        "react-refresh": "^0.14.2"
      },
      "engines": {
        "node": ">=14.15.0"
      },
      "peerDependencies": {
        "react": "^18.0.0",
        "react-dom": "^18.0.0"
      }
    },
    "node_modules/esbuild": {
      "version": "0.21.5",
      "resolved": "https://registry.npmjs.org/esbuild/-/esbuild-0.21.5.tar.gz",
      "integrity": "sha512-mg3OPMV4hXyKKppDxu8tDAXC8Yg8uVRSTBwLUh1qraXzq9q91TzLzyB3fAECOXRVPHCVzYf8qRY1fH9tTNM5Dg==",
      "dev": true,
      "hasInstallScript": true,
      "bin": {
        "esbuild": "bin/esbuild"
      },
      "engines": {
        "node": ">=12"
      },
      "optionalDependencies": {
        "@esbuild/aix-ppc64": "0.21.5",
        "@esbuild/android-arm": "0.21.5",
        "@esbuild/android-arm64": "0.21.5",
        "@esbuild/android-x64": "0.21.5",
        "@esbuild/darwin-arm64": "0.21.5",
        "@esbuild/darwin-x64": "0.21.5",
        "@esbuild/freebsd-arm64": "0.21.5",
        "@esbuild/freebsd-x64": "0.21.5",
        "@esbuild/linux-arm": "0.21.5",
        "@esbuild/linux-arm64": "0.21.5",
        "@esbuild/linux-ia32": "0.21.5",
        "@esbuild/linux-loong64": "0.21.5",
        "@esbuild/linux-mips64el": "0.21.5",
        "@esbuild/linux-ppc64le": "0.21.5",
        "@esbuild/linux-riscv64": "0.21.5",
        "@esbuild/linux-s390x": "0.21.5",
        "@esbuild/linux-x64": "0.21.5",
        "@esbuild/netbsd-x64": "0.21.5",
        "@esbuild/openbsd-x64": "0.21.5",
        "@esbuild/sunos-x64": "0.21.5",
        "@esbuild/win32-arm64": "0.21.5",
        "@esbuild/win32-ia32": "0.21.5",
        "@esbuild/win32-x64": "0.21.5"
      }
    },
    "node_modules/gh-pages": {
      "version": "6.1.1",
      "resolved": "https://registry.npmjs.org/gh-pages/-/gh-pages-6.1.1.tar.gz",
      "integrity": "sha512-FG8xS9jwW39zK+4Sv8CC4Ii8riMzjPsVnVRbXDPzR3/B7a4rCUW9E1A334WwZ5vN1e1+9cIq+v0vX4VqA==",
      "dev": true,
      "dependencies": {
        "async": "^3.2.4",
        "commander": "^2.20.0",
        "graceful-fs": "^4.2.11",
        "rimraf": "^3.0.2"
      },
      "bin": {
        "gh-pages": "bin/gh-pages-cli"
      }
    },
    "node_modules/react": {
      "version": "18.3.1",
      "resolved": "https://registry.npmjs.org/react/-/react-18.3.1.tar.gz",
      "integrity": "sha512-wS+hAgJShR0KhEvPJAsfuPVLcfNJJXLRTHgW4DAB+JEFYhMv3ZkkgP3Cj3rZk2g4mE8u6Pju9v33NvQKrLwBkw==",
      "dependencies": {
        "loose-envify": "^1.1.0"
      },
      "engines": {
        "node": ">=0.10.0"
      }
    },
    "node_modules/react-dom": {
      "version": "18.3.1",
      "resolved": "https://registry.npmjs.org/react-dom/-/react-dom-18.3.1.tar.gz",
      "integrity": "sha512-gh-pages...",
      "dependencies": {
        "loose-envify": "^1.1.0",
        "scheduler": "^0.23.2"
      },
      "peerDependencies": {
        "react": "^18.3.1"
      }
    },
    "node_modules/vite": {
      "version": "5.4.0",
      "resolved": "https://registry.npmjs.org/vite/-/vite-5.4.0.tar.gz",
      "integrity": "sha512-something==",
      "dev": true,
      "dependencies": {
        "esbuild": "^0.21.5",
        "postcss": "^8.4.38",
        "rollup": "^rollup"
      },
      "bin": {
        "vite": "bin/vite.js"
      },
      "engines": {
        "node": "^18.0.0"
      }
    }
  }
}
